
Microsoft Visual Studio Solution File, Format Version 12.00
# Visual Studio Version 16
VisualStudioVersion = 16.0.33328.57
MinimumVisualStudioVersion = 10.0.40219.1
Project("{FAE04EC0-301F-11D3-BF4B-00C04F79EFBC}") = "Horoskop5.Android", "Horoskop5\Horoskop5.Android\Horoskop5.Android.csproj", "{0CF79188-4729-46DD-8937-1233377CDD29}"
EndProject
Project("{FAE04EC0-301F-11D3-BF4B-00C04F79EFBC}") = "Horoskop5.iOS", "Horoskop5\Horoskop5.iOS\Horoskop5.iOS.csproj", "{ADC8C3F1-4232-4474-BA20-2F8ECBCD86DA}"
EndProject
Project("{FAE04EC0-301F-11D3-BF4B-00C04F79EFBC}") = "Horoskop5", "Horoskop5\Horoskop5\Horoskop5.csproj", "{70EAF4DD-87DC-492A-A4EB-A9F49049CB37}"
EndProject
Global
	GlobalSection(SolutionConfigurationPlatforms) = preSolution
		Debug|Any CPU = Debug|Any CPU
		Debug|iPhone = Debug|iPhone
		Debug|iPhoneSimulator = Debug|iPhoneSimulator
		Release|Any CPU = Release|Any CPU
		Release|iPhone = Release|iPhone
		Release|iPhoneSimulator = Release|iPhoneSimulator
	EndGlobalSection
	GlobalSection(ProjectConfigurationPlatforms) = postSolution
		{0CF79188-4729-46DD-8937-1233377CDD29}.Debug|Any CPU.ActiveCfg = Debug|Any CPU
		{0CF79188-4729-46DD-8937-1233377CDD29}.Debug|Any CPU.Build.0 = Debug|Any CPU
		{0CF79188-4729-46DD-8937-1233377CDD29}.Debug|Any CPU.Deploy.0 = Debug|Any CPU
		{0CF79188-4729-46DD-8937-1233377CDD29}.Debug|iPhone.ActiveCfg = Debug|Any CPU
		{0CF79188-4729-46DD-8937-1233377CDD29}.Debug|iPhone.Build.0 = Debug|Any CPU
		{0CF79188-4729-46DD-8937-1233377CDD29}.Debug|iPhone.Deploy.0 = Debug|Any CPU
		{0CF79188-4729-46DD-8937-1233377CDD29}.Debug|iPhoneSimulator.ActiveCfg = Debug|Any CPU
		{0CF79188-4729-46DD-8937-1233377CDD29}.Debug|iPhoneSimulator.Build.0 = Debug|Any CPU
		{0CF79188-4729-46DD-8937-1233377CDD29}.Debug|iPhoneSimulator.Deploy.0 = Debug|Any CPU
		{0CF79188-4729-46DD-8937-1233377CDD29}.Release|Any CPU.ActiveCfg = Release|Any CPU
		{0CF79188-4729-46DD-8937-1233377CDD29}.Release|Any CPU.Build.0 = Release|Any CPU
		{0CF79188-4729-46DD-8937-1233377CDD29}.Release|Any CPU.Deploy.0 = Release|Any CPU
		{0CF79188-4729-46DD-8937-1233377CDD29}.Release|iPhone.ActiveCfg = Release|Any CPU
		{0CF79188-4729-46DD-8937-1233377CDD29}.Release|iPhone.Build.0 = Release|Any CPU
		{0CF79188-4729-46DD-8937-1233377CDD29}.Release|iPhone.Deploy.0 = Release|Any CPU
		{0CF79188-4729-46DD-8937-1233377CDD29}.Release|iPhoneSimulator.ActiveCfg = Release|Any CPU
		{0CF79188-4729-46DD-8937-1233377CDD29}.Release|iPhoneSimulator.Build.0 = Release|Any CPU
		{0CF79188-4729-46DD-8937-1233377CDD29}.Release|iPhoneSimulator.Deploy.0 = Release|Any CPU
		{ADC8C3F1-4232-4474-BA20-2F8ECBCD86DA}.Debug|Any CPU.ActiveCfg = Debug|iPhone
		{ADC8C3F1-4232-4474-BA20-2F8ECBCD86DA}.Debug|Any CPU.Build.0 = Debug|iPhone
		{ADC8C3F1-4232-4474-BA20-2F8ECBCD86DA}.Debug|Any CPU.Deploy.0 = Debug|iPhone
		{ADC8C3F1-4232-4474-BA20-2F8ECBCD86DA}.Debug|iPhone.ActiveCfg = Debug|iPhone
		{ADC8C3F1-4232-4474-BA20-2F8ECBCD86DA}.Debug|iPhone.Build.0 = Debug|iPhone
		{ADC8C3F1-4232-4474-BA20-2F8ECBCD86DA}.Debug|iPhone.Deploy.0 = Debug|iPhone
		{ADC8C3F1-4232-4474-BA20-2F8ECBCD86DA}.Debug|iPhoneSimulator.ActiveCfg = Debug|iPhoneSimulator
		{ADC8C3F1-4232-4474-BA20-2F8ECBCD86DA}.Debug|iPhoneSimulator.Build.0 = Debug|iPhoneSimulator
		{ADC8C3F1-4232-4474-BA20-2F8ECBCD86DA}.Debug|iPhoneSimulator.Deploy.0 = Debug|iPhoneSimulator
		{ADC8C3F1-4232-4474-BA20-2F8ECBCD86DA}.Release|Any CPU.ActiveCfg = Release|iPhoneSimulator
		{ADC8C3F1-4232-4474-BA20-2F8ECBCD86DA}.Release|Any CPU.Build.0 = Release|iPhoneSimulator
		{ADC8C3F1-4232-4474-BA20-2F8ECBCD86DA}.Release|Any CPU.Deploy.0 = Release|iPhoneSimulator
		{ADC8C3F1-4232-4474-BA20-2F8ECBCD86DA}.Release|iPhone.ActiveCfg = Release|iPhone
		{ADC8C3F1-4232-4474-BA20-2F8ECBCD86DA}.Release|iPhone.Build.0 = Release|iPhone
		{ADC8C3F1-4232-4474-BA20-2F8ECBCD86DA}.Release|iPhone.Deploy.0 = Release|iPhone
		{ADC8C3F1-4232-4474-BA20-2F8ECBCD86DA}.Release|iPhoneSimulator.ActiveCfg = Release|iPhoneSimulator
		{ADC8C3F1-4232-4474-BA20-2F8ECBCD86DA}.Release|iPhoneSimulator.Build.0 = Release|iPhoneSimulator
		{ADC8C3F1-4232-4474-BA20-2F8ECBCD86DA}.Release|iPhoneSimulator.Deploy.0 = Release|iPhoneSimulator
		{70EAF4DD-87DC-492A-A4EB-A9F49049CB37}.Debug|Any CPU.ActiveCfg = Debug|Any CPU
		{70EAF4DD-87DC-492A-A4EB-A9F49049CB37}.Debug|Any CPU.Build.0 = Debug|Any CPU
		{70EAF4DD-87DC-492A-A4EB-A9F49049CB37}.Debug|Any CPU.Deploy.0 = Debug|Any CPU
		{70EAF4DD-87DC-492A-A4EB-A9F49049CB37}.Debug|iPhone.ActiveCfg = Debug|Any CPU
		{70EAF4DD-87DC-492A-A4EB-A9F49049CB37}.Debug|iPhone.Build.0 = Debug|Any CPU
		{70EAF4DD-87DC-492A-A4EB-A9F49049CB37}.Debug|iPhone.Deploy.0 = Debug|Any CPU
		{70EAF4DD-87DC-492A-A4EB-A9F49049CB37}.Debug|iPhoneSimulator.ActiveCfg = Debug|Any CPU
		{70EAF4DD-87DC-492A-A4EB-A9F49049CB37}.Debug|iPhoneSimulator.Build.0 = Debug|Any CPU
		{70EAF4DD-87DC-492A-A4EB-A9F49049CB37}.Debug|iPhoneSimulator.Deploy.0 = Debug|Any CPU
		{70EAF4DD-87DC-492A-A4EB-A9F49049CB37}.Release|Any CPU.ActiveCfg = Release|Any CPU
		{70EAF4DD-87DC-492A-A4EB-A9F49049CB37}.Release|Any CPU.Build.0 = Release|Any CPU
		{70EAF4DD-87DC-492A-A4EB-A9F49049CB37}.Release|Any CPU.Deploy.0 = Release|Any CPU
		{70EAF4DD-87DC-492A-A4EB-A9F49049CB37}.Release|iPhone.ActiveCfg = Release|Any CPU
		{70EAF4DD-87DC-492A-A4EB-A9F49049CB37}.Release|iPhone.Build.0 = Release|Any CPU
		{70EAF4DD-87DC-492A-A4EB-A9F49049CB37}.Release|iPhone.Deploy.0 = Release|Any CPU
		{70EAF4DD-87DC-492A-A4EB-A9F49049CB37}.Release|iPhoneSimulator.ActiveCfg = Release|Any CPU
		{70EAF4DD-87DC-492A-A4EB-A9F49049CB37}.Release|iPhoneSimulator.Build.0 = Release|Any CPU
		{70EAF4DD-87DC-492A-A4EB-A9F49049CB37}.Release|iPhoneSimulator.Deploy.0 = Release|Any CPU
	EndGlobalSection
	GlobalSection(SolutionProperties) = preSolution
		HideSolutionNode = FALSE
	EndGlobalSection
	GlobalSection(ExtensibilityGlobals) = postSolution
		SolutionGuid = {8222E91C-0DA3-4241-8EDB-DC0F2EF3ABAD}
	EndGlobalSection
EndGlobal
